
Microsoft Visual Studio Solution File, Format Version 12.00
# Visual Studio Version 17
VisualStudioVersion = 17.4.33103.184
MinimumVisualStudioVersion = 10.0.40219.1
Project("{9A19103F-16F7-4668-BE54-9A1E7A4F7556}") = "InteractionSauvage", "InteractionSauvage\InteractionSauvage.csproj", "{2BAA6A48-1D5D-4011-A79D-DAE403569691}"
EndProject
Project("{9A19103F-16F7-4668-BE54-9A1E7A4F7556}") = "SimulationConsole", "SimulationConsole\SimulationConsole.csproj", "{F5E186B7-2B78-481A-BC0A-78C0CF19B1C5}"
EndProject
Project("{9A19103F-16F7-4668-BE54-9A1E7A4F7556}") = "Useful", "Useful\Useful.csproj", "{CA07341F-DF2A-4D29-931D-E9766B418256}"
EndProject
Project("{D954291E-2A0B-460D-934E-DC6B0785DB48}") = "SimulationGraphique", "SimulationGraphique\SimulationGraphique.shproj", "{A0CDBD0E-3A41-42B7-9425-A838BC2C7383}"
EndProject
Project("{9A19103F-16F7-4668-BE54-9A1E7A4F7556}") = "SimulationWindows", "SimulationWindows\SimulationWindows.csproj", "{7BF1DCB2-C8ED-47C1-B472-C8FDCB1C4892}"
EndProject
Project("{9A19103F-16F7-4668-BE54-9A1E7A4F7556}") = "Geometry", "Geometry\Geometry.csproj", "{24FA48E1-6C5D-44E6-9672-4E0283937944}"
EndProject
Project("{2150E333-8FDC-42A3-9474-1A3956D46DE8}") = "Solution Items", "Solution Items", "{47C7F333-ADE4-46B1-8D23-9BD34304B569}"
	ProjectSection(SolutionItems) = preProject
		.editorconfig = .editorconfig
	EndProjectSection
EndProject
Project("{9A19103F-16F7-4668-BE54-9A1E7A4F7556}") = "Render", "Render\Render.csproj", "{B30DB2E8-F4F3-4580-AA55-B377407B414F}"
EndProject
Global
	GlobalSection(SolutionConfigurationPlatforms) = preSolution
		Debug|Any CPU = Debug|Any CPU
		Release|Any CPU = Release|Any CPU
	EndGlobalSection
	GlobalSection(ProjectConfigurationPlatforms) = postSolution
		{2BAA6A48-1D5D-4011-A79D-DAE403569691}.Debug|Any CPU.ActiveCfg = Debug|Any CPU
		{2BAA6A48-1D5D-4011-A79D-DAE403569691}.Debug|Any CPU.Build.0 = Debug|Any CPU
		{2BAA6A48-1D5D-4011-A79D-DAE403569691}.Release|Any CPU.ActiveCfg = Release|Any CPU
		{2BAA6A48-1D5D-4011-A79D-DAE403569691}.Release|Any CPU.Build.0 = Release|Any CPU
		{F5E186B7-2B78-481A-BC0A-78C0CF19B1C5}.Debug|Any CPU.ActiveCfg = Debug|Any CPU
		{F5E186B7-2B78-481A-BC0A-78C0CF19B1C5}.Debug|Any CPU.Build.0 = Debug|Any CPU
		{F5E186B7-2B78-481A-BC0A-78C0CF19B1C5}.Release|Any CPU.ActiveCfg = Release|Any CPU
		{F5E186B7-2B78-481A-BC0A-78C0CF19B1C5}.Release|Any CPU.Build.0 = Release|Any CPU
		{CA07341F-DF2A-4D29-931D-E9766B418256}.Debug|Any CPU.ActiveCfg = Debug|Any CPU
		{CA07341F-DF2A-4D29-931D-E9766B418256}.Debug|Any CPU.Build.0 = Debug|Any CPU
		{CA07341F-DF2A-4D29-931D-E9766B418256}.Release|Any CPU.ActiveCfg = Release|Any CPU
		{CA07341F-DF2A-4D29-931D-E9766B418256}.Release|Any CPU.Build.0 = Release|Any CPU
		{7BF1DCB2-C8ED-47C1-B472-C8FDCB1C4892}.Debug|Any CPU.ActiveCfg = Debug|Any CPU
		{7BF1DCB2-C8ED-47C1-B472-C8FDCB1C4892}.Debug|Any CPU.Build.0 = Debug|Any CPU
		{7BF1DCB2-C8ED-47C1-B472-C8FDCB1C4892}.Release|Any CPU.ActiveCfg = Release|Any CPU
		{7BF1DCB2-C8ED-47C1-B472-C8FDCB1C4892}.Release|Any CPU.Build.0 = Release|Any CPU
		{24FA48E1-6C5D-44E6-9672-4E0283937944}.Debug|Any CPU.ActiveCfg = Debug|Any CPU
		{24FA48E1-6C5D-44E6-9672-4E0283937944}.Debug|Any CPU.Build.0 = Debug|Any CPU
		{24FA48E1-6C5D-44E6-9672-4E0283937944}.Release|Any CPU.ActiveCfg = Release|Any CPU
		{24FA48E1-6C5D-44E6-9672-4E0283937944}.Release|Any CPU.Build.0 = Release|Any CPU
		{B30DB2E8-F4F3-4580-AA55-B377407B414F}.Debug|Any CPU.ActiveCfg = Debug|Any CPU
		{B30DB2E8-F4F3-4580-AA55-B377407B414F}.Debug|Any CPU.Build.0 = Debug|Any CPU
		{B30DB2E8-F4F3-4580-AA55-B377407B414F}.Release|Any CPU.ActiveCfg = Release|Any CPU
		{B30DB2E8-F4F3-4580-AA55-B377407B414F}.Release|Any CPU.Build.0 = Release|Any CPU
	EndGlobalSection
	GlobalSection(SolutionProperties) = preSolution
		HideSolutionNode = FALSE
	EndGlobalSection
	GlobalSection(ExtensibilityGlobals) = postSolution
		SolutionGuid = {5992DA21-B9B7-46EF-A0B3-02E55644F060}
	EndGlobalSection
	GlobalSection(SharedMSBuildProjectFiles) = preSolution
		SimulationGraphique\SimulationGraphique.projitems*{7bf1dcb2-c8ed-47c1-b472-c8fdcb1c4892}*SharedItemsImports = 5
		SimulationGraphique\SimulationGraphique.projitems*{a0cdbd0e-3a41-42b7-9425-a838bc2c7383}*SharedItemsImports = 13
	EndGlobalSection
EndGlobal
